
Microsoft Visual Studio Solution File, Format Version 12.00
# Visual Studio 15
VisualStudioVersion = 15.0.26730.12
MinimumVisualStudioVersion = 10.0.40219.1
Project("{FAE04EC0-301F-11D3-BF4B-00C04F79EFBC}") = "NuUserStoreManager", "NuUserStoreManager\NuUserStoreManager.csproj", "{C0A5EB18-2905-4368-B56F-3A53AA250212}"
EndProject
Project("{FAE04EC0-301F-11D3-BF4B-00C04F79EFBC}") = "NuUserStoreManagerTest", "NuUserStoreManagerTest\NuUserStoreManagerTest.csproj", "{11C24172-D984-4B27-BC16-F0162B1DF896}"
EndProject
Global
	GlobalSection(SolutionConfigurationPlatforms) = preSolution
		Debug|Any CPU = Debug|Any CPU
		Release|Any CPU = Release|Any CPU
	EndGlobalSection
	GlobalSection(ProjectConfigurationPlatforms) = postSolution
		{C0A5EB18-2905-4368-B56F-3A53AA250212}.Debug|Any CPU.ActiveCfg = Debug|Any CPU
		{C0A5EB18-2905-4368-B56F-3A53AA250212}.Debug|Any CPU.Build.0 = Debug|Any CPU
		{C0A5EB18-2905-4368-B56F-3A53AA250212}.Release|Any CPU.ActiveCfg = Release|Any CPU
		{C0A5EB18-2905-4368-B56F-3A53AA250212}.Release|Any CPU.Build.0 = Release|Any CPU
		{11C24172-D984-4B27-BC16-F0162B1DF896}.Debug|Any CPU.ActiveCfg = Debug|Any CPU
		{11C24172-D984-4B27-BC16-F0162B1DF896}.Debug|Any CPU.Build.0 = Debug|Any CPU
		{11C24172-D984-4B27-BC16-F0162B1DF896}.Release|Any CPU.ActiveCfg = Release|Any CPU
		{11C24172-D984-4B27-BC16-F0162B1DF896}.Release|Any CPU.Build.0 = Release|Any CPU
	EndGlobalSection
	GlobalSection(SolutionProperties) = preSolution
		HideSolutionNode = FALSE
	EndGlobalSection
	GlobalSection(ExtensibilityGlobals) = postSolution
		SolutionGuid = {739AE381-78FD-4A0F-A19C-883C2DC7ADA7}
	EndGlobalSection
EndGlobal
